
Microsoft Visual Studio Solution File, Format Version 12.00
# Visual Studio Version 16
VisualStudioVersion = 16.0.30104.148
MinimumVisualStudioVersion = 10.0.40219.1
Project("{FAE04EC0-301F-11D3-BF4B-00C04F79EFBC}") = "ComputerVisionDemo", "ComputerVisionDemo\ComputerVisionDemo.csproj", "{F0D2A411-0D30-4CE6-BABE-01F1C3D5927E}"
EndProject
Global
	GlobalSection(SolutionConfigurationPlatforms) = preSolution
		Debug|Any CPU = Debug|Any CPU
		Release|Any CPU = Release|Any CPU
	EndGlobalSection
	GlobalSection(ProjectConfigurationPlatforms) = postSolution
		{F0D2A411-0D30-4CE6-BABE-01F1C3D5927E}.Debug|Any CPU.ActiveCfg = Debug|Any CPU
		{F0D2A411-0D30-4CE6-BABE-01F1C3D5927E}.Debug|Any CPU.Build.0 = Debug|Any CPU
		{F0D2A411-0D30-4CE6-BABE-01F1C3D5927E}.Release|Any CPU.ActiveCfg = Release|Any CPU
		{F0D2A411-0D30-4CE6-BABE-01F1C3D5927E}.Release|Any CPU.Build.0 = Release|Any CPU
	EndGlobalSection
	GlobalSection(SolutionProperties) = preSolution
		HideSolutionNode = FALSE
	EndGlobalSection
	GlobalSection(ExtensibilityGlobals) = postSolution
		SolutionGuid = {8BAB8CB6-2AA9-4159-93A7-6980807B1953}
	EndGlobalSection
EndGlobal
