
Microsoft Visual Studio Solution File, Format Version 12.00
# Visual Studio Version 16
VisualStudioVersion = 16.0.29326.143
MinimumVisualStudioVersion = 10.0.40219.1
Project("{FAE04EC0-301F-11D3-BF4B-00C04F79EFBC}") = "SpeechAndTextAnalyticsDemo", "SpeechAndTextAnalyticsDemo\SpeechAndTextAnalyticsDemo.csproj", "{FA4566B1-3770-406D-8C07-6402CFD8D2F3}"
EndProject
Global
	GlobalSection(SolutionConfigurationPlatforms) = preSolution
		Debug|Any CPU = Debug|Any CPU
		Debug|x64 = Debug|x64
		Release|Any CPU = Release|Any CPU
		Release|x64 = Release|x64
	EndGlobalSection
	GlobalSection(ProjectConfigurationPlatforms) = postSolution
		{FA4566B1-3770-406D-8C07-6402CFD8D2F3}.Debug|Any CPU.ActiveCfg = Debug|Any CPU
		{FA4566B1-3770-406D-8C07-6402CFD8D2F3}.Debug|Any CPU.Build.0 = Debug|Any CPU
		{FA4566B1-3770-406D-8C07-6402CFD8D2F3}.Debug|x64.ActiveCfg = Debug|x64
		{FA4566B1-3770-406D-8C07-6402CFD8D2F3}.Debug|x64.Build.0 = Debug|x64
		{FA4566B1-3770-406D-8C07-6402CFD8D2F3}.Release|Any CPU.ActiveCfg = Release|Any CPU
		{FA4566B1-3770-406D-8C07-6402CFD8D2F3}.Release|Any CPU.Build.0 = Release|Any CPU
		{FA4566B1-3770-406D-8C07-6402CFD8D2F3}.Release|x64.ActiveCfg = Release|x64
		{FA4566B1-3770-406D-8C07-6402CFD8D2F3}.Release|x64.Build.0 = Release|x64
	EndGlobalSection
	GlobalSection(SolutionProperties) = preSolution
		HideSolutionNode = FALSE
	EndGlobalSection
	GlobalSection(ExtensibilityGlobals) = postSolution
		SolutionGuid = {41571615-12A3-4B73-B25A-0C0E00660EEA}
	EndGlobalSection
EndGlobal
