
Microsoft Visual Studio Solution File, Format Version 12.00
# Visual Studio Version 16
VisualStudioVersion = 16.0.29326.143
MinimumVisualStudioVersion = 10.0.40219.1
Project("{FAE04EC0-301F-11D3-BF4B-00C04F79EFBC}") = "ComputerVision-Demo", "ComputerVision-Demo\ComputerVision-Demo.csproj", "{FAA98731-F8DF-4627-AD3E-4F040A85E616}"
EndProject
Global
	GlobalSection(SolutionConfigurationPlatforms) = preSolution
		Debug|Any CPU = Debug|Any CPU
		Release|Any CPU = Release|Any CPU
	EndGlobalSection
	GlobalSection(ProjectConfigurationPlatforms) = postSolution
		{FAA98731-F8DF-4627-AD3E-4F040A85E616}.Debug|Any CPU.ActiveCfg = Debug|Any CPU
		{FAA98731-F8DF-4627-AD3E-4F040A85E616}.Debug|Any CPU.Build.0 = Debug|Any CPU
		{FAA98731-F8DF-4627-AD3E-4F040A85E616}.Release|Any CPU.ActiveCfg = Release|Any CPU
		{FAA98731-F8DF-4627-AD3E-4F040A85E616}.Release|Any CPU.Build.0 = Release|Any CPU
	EndGlobalSection
	GlobalSection(SolutionProperties) = preSolution
		HideSolutionNode = FALSE
	EndGlobalSection
	GlobalSection(ExtensibilityGlobals) = postSolution
		SolutionGuid = {2F14CD2E-68CD-4777-985F-98FD7FAD4B51}
	EndGlobalSection
EndGlobal
