
Microsoft Visual Studio Solution File, Format Version 12.00
# Visual Studio Version 16
VisualStudioVersion = 16.0.30204.135
MinimumVisualStudioVersion = 10.0.40219.1
Project("{FAE04EC0-301F-11D3-BF4B-00C04F79EFBC}") = "BingWebSearch", "BingWebSearch\BingWebSearch.csproj", "{DB5C3E3E-7316-45BD-9A11-4FB4730F15A4}"
EndProject
Global
	GlobalSection(SolutionConfigurationPlatforms) = preSolution
		Debug|Any CPU = Debug|Any CPU
		Release|Any CPU = Release|Any CPU
	EndGlobalSection
	GlobalSection(ProjectConfigurationPlatforms) = postSolution
		{DB5C3E3E-7316-45BD-9A11-4FB4730F15A4}.Debug|Any CPU.ActiveCfg = Debug|Any CPU
		{DB5C3E3E-7316-45BD-9A11-4FB4730F15A4}.Debug|Any CPU.Build.0 = Debug|Any CPU
		{DB5C3E3E-7316-45BD-9A11-4FB4730F15A4}.Release|Any CPU.ActiveCfg = Release|Any CPU
		{DB5C3E3E-7316-45BD-9A11-4FB4730F15A4}.Release|Any CPU.Build.0 = Release|Any CPU
	EndGlobalSection
	GlobalSection(SolutionProperties) = preSolution
		HideSolutionNode = FALSE
	EndGlobalSection
	GlobalSection(ExtensibilityGlobals) = postSolution
		SolutionGuid = {C9ECD257-8A8A-47BB-8EFD-C58AC4037438}
	EndGlobalSection
EndGlobal
